
Microsoft Visual Studio Solution File, Format Version 12.00
# Visual Studio Version 17
VisualStudioVersion = 17.1.32328.378
MinimumVisualStudioVersion = 10.0.40219.1
Project("{FAE04EC0-301F-11D3-BF4B-00C04F79EFBC}") = "ChallengeTownSQ", "ChallengeTownSQ\ChallengeTownSQ.csproj", "{2C579426-ACB4-4EBA-88A5-2F065E3B5AC1}"
EndProject
Global
	GlobalSection(SolutionConfigurationPlatforms) = preSolution
		Debug|Any CPU = Debug|Any CPU
		Release|Any CPU = Release|Any CPU
	EndGlobalSection
	GlobalSection(ProjectConfigurationPlatforms) = postSolution
		{2C579426-ACB4-4EBA-88A5-2F065E3B5AC1}.Debug|Any CPU.ActiveCfg = Debug|Any CPU
		{2C579426-ACB4-4EBA-88A5-2F065E3B5AC1}.Debug|Any CPU.Build.0 = Debug|Any CPU
		{2C579426-ACB4-4EBA-88A5-2F065E3B5AC1}.Release|Any CPU.ActiveCfg = Release|Any CPU
		{2C579426-ACB4-4EBA-88A5-2F065E3B5AC1}.Release|Any CPU.Build.0 = Release|Any CPU
	EndGlobalSection
	GlobalSection(SolutionProperties) = preSolution
		HideSolutionNode = FALSE
	EndGlobalSection
	GlobalSection(ExtensibilityGlobals) = postSolution
		SolutionGuid = {5EC6E622-AEE4-470C-987B-75AAC01671AC}
	EndGlobalSection
EndGlobal
